// !$*UTF8*$!
{
	archiveVersion = 1;
	classes = {
	};
	objectVersion = 46;
	objects = {

/* Begin PBXBuildFile section */
		F40EB6B91EA1A04C00FEE444 /* InfoPlist.strings in Resources */ = {isa = PBXBuildFile; fileRef = F40EB6BB1EA1A04C00FEE444 /* InfoPlist.strings */; };
		F40EB6BF1EA1A55700FEE444 /* Localizable.strings in Resources */ = {isa = PBXBuildFile; fileRef = F40EB6BD1EA1A55700FEE444 /* Localizable.strings */; };
		F40EB6C81EA1CD7A00FEE444 /* ImageTypeItem.swift in Sources */ = {isa = PBXBuildFile; fileRef = F40EB6C71EA1CD7A00FEE444 /* ImageTypeItem.swift */; };
		F40EB6CA1EA1D7B500FEE444 /* ImageType.plist in Resources */ = {isa = PBXBuildFile; fileRef = F40EB6C91EA1D7B500FEE444 /* ImageType.plist */; };
		F40EB6D21EA2F28100FEE444 /* Screenshot.swift in Sources */ = {isa = PBXBuildFile; fileRef = F40EB6D11EA2F28100FEE444 /* Screenshot.swift */; };
		F414DD031EABAB7300111DA7 /* UserDefaultsExtension.swift in Sources */ = {isa = PBXBuildFile; fileRef = F414DD021EABAB7300111DA7 /* UserDefaultsExtension.swift */; };
		F42539E01EACCEDE0083EB9D /* UserDefaultsTest.swift in Sources */ = {isa = PBXBuildFile; fileRef = F42539DF1EACCEDE0083EB9D /* UserDefaultsTest.swift */; };
		F47B06EB1E9A5DF9006711D9 /* AppDelegate.swift in Sources */ = {isa = PBXBuildFile; fileRef = F47B06EA1E9A5DF9006711D9 /* AppDelegate.swift */; };
		F47B06EF1E9A5DF9006711D9 /* Assets.xcassets in Resources */ = {isa = PBXBuildFile; fileRef = F47B06EE1E9A5DF9006711D9 /* Assets.xcassets */; };
		F47B07081E9A6071006711D9 /* MainMenu.xib in Resources */ = {isa = PBXBuildFile; fileRef = F47B07071E9A6071006711D9 /* MainMenu.xib */; };
		F47B070C1E9A65FA006711D9 /* StatusItem.swift in Sources */ = {isa = PBXBuildFile; fileRef = F47B070B1E9A65FA006711D9 /* StatusItem.swift */; };
		F47B070E1E9A6E55006711D9 /* StatusBar.swift in Sources */ = {isa = PBXBuildFile; fileRef = F47B070D1E9A6E55006711D9 /* StatusBar.swift */; };
		F47B07101EA10A1A006711D9 /* FolderItem.swift in Sources */ = {isa = PBXBuildFile; fileRef = F47B070F1EA10A1A006711D9 /* FolderItem.swift */; };
		F47B07121EA10A3E006711D9 /* ChooseFolderItem.swift in Sources */ = {isa = PBXBuildFile; fileRef = F47B07111EA10A3E006711D9 /* ChooseFolderItem.swift */; };
		F47B07181EA10A88006711D9 /* QuitItem.swift in Sources */ = {isa = PBXBuildFile; fileRef = F47B07171EA10A88006711D9 /* QuitItem.swift */; };
		F4D346941EA644170031AFB3 /* LimitedArray.swift in Sources */ = {isa = PBXBuildFile; fileRef = F4D346931EA644170031AFB3 /* LimitedArray.swift */; };
		F4DBE9281EA7864B00CEB984 /* LimitedArrayTest.swift in Sources */ = {isa = PBXBuildFile; fileRef = F4DBE9271EA7864B00CEB984 /* LimitedArrayTest.swift */; };
/* End PBXBuildFile section */

/* Begin PBXContainerItemProxy section */
		F47B06F91E9A5DF9006711D9 /* PBXContainerItemProxy */ = {
			isa = PBXContainerItemProxy;
			containerPortal = F47B06DF1E9A5DF9006711D9 /* Project object */;
			proxyType = 1;
			remoteGlobalIDString = F47B06E61E9A5DF9006711D9;
			remoteInfo = GoInto;
		};
/* End PBXContainerItemProxy section */

/* Begin PBXFileReference section */
		F40EB6BC1EA1A05600FEE444 /* ja */ = {isa = PBXFileReference; lastKnownFileType = text.plist.strings; name = ja; path = ja.lproj/InfoPlist.strings; sourceTree = "<group>"; };
		F40EB6BE1EA1A55700FEE444 /* ja */ = {isa = PBXFileReference; fileEncoding = 10; lastKnownFileType = text.plist.strings; name = ja; path = ja.lproj/Localizable.strings; sourceTree = "<group>"; };
		F40EB6C31EA1A59700FEE444 /* ja */ = {isa = PBXFileReference; lastKnownFileType = text; name = ja; path = ja.lproj/Localizable.strings.sed; sourceTree = "<group>"; };
		F40EB6C61EA1A94200FEE444 /* Base */ = {isa = PBXFileReference; lastKnownFileType = text.plist.strings; name = Base; path = Base.lproj/InfoPlist.strings; sourceTree = "<group>"; };
		F40EB6C71EA1CD7A00FEE444 /* ImageTypeItem.swift */ = {isa = PBXFileReference; fileEncoding = 4; lastKnownFileType = sourcecode.swift; path = ImageTypeItem.swift; sourceTree = "<group>"; };
		F40EB6C91EA1D7B500FEE444 /* ImageType.plist */ = {isa = PBXFileReference; fileEncoding = 4; lastKnownFileType = text.plist.xml; path = ImageType.plist; sourceTree = "<group>"; };
		F40EB6D11EA2F28100FEE444 /* Screenshot.swift */ = {isa = PBXFileReference; fileEncoding = 4; lastKnownFileType = sourcecode.swift; path = Screenshot.swift; sourceTree = "<group>"; };
		F414DD021EABAB7300111DA7 /* UserDefaultsExtension.swift */ = {isa = PBXFileReference; fileEncoding = 4; lastKnownFileType = sourcecode.swift; path = UserDefaultsExtension.swift; sourceTree = "<group>"; };
		F42539DF1EACCEDE0083EB9D /* UserDefaultsTest.swift */ = {isa = PBXFileReference; fileEncoding = 4; lastKnownFileType = sourcecode.swift; path = UserDefaultsTest.swift; sourceTree = "<group>"; };
		F47B06E71E9A5DF9006711D9 /* GoInto.app */ = {isa = PBXFileReference; explicitFileType = wrapper.application; includeInIndex = 0; path = GoInto.app; sourceTree = BUILT_PRODUCTS_DIR; };
		F47B06EA1E9A5DF9006711D9 /* AppDelegate.swift */ = {isa = PBXFileReference; lastKnownFileType = sourcecode.swift; path = AppDelegate.swift; sourceTree = "<group>"; };
		F47B06EE1E9A5DF9006711D9 /* Assets.xcassets */ = {isa = PBXFileReference; lastKnownFileType = folder.assetcatalog; path = Assets.xcassets; sourceTree = "<group>"; };
		F47B06F31E9A5DF9006711D9 /* Info.plist */ = {isa = PBXFileReference; lastKnownFileType = text.plist.xml; path = Info.plist; sourceTree = "<group>"; };
		F47B06F81E9A5DF9006711D9 /* GoIntoTests.xctest */ = {isa = PBXFileReference; explicitFileType = wrapper.cfbundle; includeInIndex = 0; path = GoIntoTests.xctest; sourceTree = BUILT_PRODUCTS_DIR; };
		F47B06FE1E9A5DF9006711D9 /* Info.plist */ = {isa = PBXFileReference; lastKnownFileType = text.plist.xml; path = Info.plist; sourceTree = "<group>"; };
		F47B07071E9A6071006711D9 /* MainMenu.xib */ = {isa = PBXFileReference; fileEncoding = 4; lastKnownFileType = file.xib; path = MainMenu.xib; sourceTree = "<group>"; };
		F47B070B1E9A65FA006711D9 /* StatusItem.swift */ = {isa = PBXFileReference; fileEncoding = 4; lastKnownFileType = sourcecode.swift; path = StatusItem.swift; sourceTree = "<group>"; };
		F47B070D1E9A6E55006711D9 /* StatusBar.swift */ = {isa = PBXFileReference; fileEncoding = 4; lastKnownFileType = sourcecode.swift; path = StatusBar.swift; sourceTree = "<group>"; };
		F47B070F1EA10A1A006711D9 /* FolderItem.swift */ = {isa = PBXFileReference; fileEncoding = 4; lastKnownFileType = sourcecode.swift; path = FolderItem.swift; sourceTree = "<group>"; };
		F47B07111EA10A3E006711D9 /* ChooseFolderItem.swift */ = {isa = PBXFileReference; fileEncoding = 4; lastKnownFileType = sourcecode.swift; path = ChooseFolderItem.swift; sourceTree = "<group>"; };
		F47B07171EA10A88006711D9 /* QuitItem.swift */ = {isa = PBXFileReference; fileEncoding = 4; lastKnownFileType = sourcecode.swift; path = QuitItem.swift; sourceTree = "<group>"; };
		F4D346931EA644170031AFB3 /* LimitedArray.swift */ = {isa = PBXFileReference; fileEncoding = 4; lastKnownFileType = sourcecode.swift; path = LimitedArray.swift; sourceTree = "<group>"; };
		F4DBE9271EA7864B00CEB984 /* LimitedArrayTest.swift */ = {isa = PBXFileReference; fileEncoding = 4; lastKnownFileType = sourcecode.swift; path = LimitedArrayTest.swift; sourceTree = "<group>"; };
/* End PBXFileReference section */

/* Begin PBXFrameworksBuildPhase section */
		F47B06E41E9A5DF9006711D9 /* Frameworks */ = {
			isa = PBXFrameworksBuildPhase;
			buildActionMask = 2147483647;
			files = (
			);
			runOnlyForDeploymentPostprocessing = 0;
		};
		F47B06F51E9A5DF9006711D9 /* Frameworks */ = {
			isa = PBXFrameworksBuildPhase;
			buildActionMask = 2147483647;
			files = (
			);
			runOnlyForDeploymentPostprocessing = 0;
		};
/* End PBXFrameworksBuildPhase section */

/* Begin PBXGroup section */
		F47B06DE1E9A5DF9006711D9 = {
			isa = PBXGroup;
			children = (
				F47B06E91E9A5DF9006711D9 /* GoInto */,
				F47B06FB1E9A5DF9006711D9 /* GoIntoTests */,
				F47B06E81E9A5DF9006711D9 /* Products */,
			);
			sourceTree = "<group>";
		};
		F47B06E81E9A5DF9006711D9 /* Products */ = {
			isa = PBXGroup;
			children = (
				F47B06E71E9A5DF9006711D9 /* GoInto.app */,
				F47B06F81E9A5DF9006711D9 /* GoIntoTests.xctest */,
			);
			name = Products;
			sourceTree = "<group>";
		};
		F47B06E91E9A5DF9006711D9 /* GoInto */ = {
			isa = PBXGroup;
			children = (
				F47B07071E9A6071006711D9 /* MainMenu.xib */,
				F47B06EA1E9A5DF9006711D9 /* AppDelegate.swift */,
				F414DD021EABAB7300111DA7 /* UserDefaultsExtension.swift */,
				F40EB6D11EA2F28100FEE444 /* Screenshot.swift */,
				F47B070D1E9A6E55006711D9 /* StatusBar.swift */,
				F47B070B1E9A65FA006711D9 /* StatusItem.swift */,
				F47B070F1EA10A1A006711D9 /* FolderItem.swift */,
				F47B07111EA10A3E006711D9 /* ChooseFolderItem.swift */,
				F40EB6C71EA1CD7A00FEE444 /* ImageTypeItem.swift */,
				F47B07171EA10A88006711D9 /* QuitItem.swift */,
				F4D346931EA644170031AFB3 /* LimitedArray.swift */,
				F47B06EE1E9A5DF9006711D9 /* Assets.xcassets */,
				F47B06F31E9A5DF9006711D9 /* Info.plist */,
				F40EB6C91EA1D7B500FEE444 /* ImageType.plist */,
				F40EB6BB1EA1A04C00FEE444 /* InfoPlist.strings */,
				F40EB6BD1EA1A55700FEE444 /* Localizable.strings */,
				F40EB6C41EA1A59700FEE444 /* Localizable.strings.sed */,
			);
			path = GoInto;
			sourceTree = "<group>";
		};
		F47B06FB1E9A5DF9006711D9 /* GoIntoTests */ = {
			isa = PBXGroup;
			children = (
				F4DBE9271EA7864B00CEB984 /* LimitedArrayTest.swift */,
				F42539DF1EACCEDE0083EB9D /* UserDefaultsTest.swift */,
				F47B06FE1E9A5DF9006711D9 /* Info.plist */,
			);
			path = GoIntoTests;
			sourceTree = "<group>";
		};
/* End PBXGroup section */

/* Begin PBXNativeTarget section */
		F47B06E61E9A5DF9006711D9 /* GoInto */ = {
			isa = PBXNativeTarget;
			buildConfigurationList = F47B07011E9A5DF9006711D9 /* Build configuration list for PBXNativeTarget "GoInto" */;
			buildPhases = (
				F47B06E31E9A5DF9006711D9 /* Sources */,
				F47B06E41E9A5DF9006711D9 /* Frameworks */,
				F47B06E51E9A5DF9006711D9 /* Resources */,
			);
			buildRules = (
			);
			dependencies = (
			);
			name = GoInto;
			productName = GoInto;
			productReference = F47B06E71E9A5DF9006711D9 /* GoInto.app */;
			productType = "com.apple.product-type.application";
		};
		F47B06F71E9A5DF9006711D9 /* GoIntoTests */ = {
			isa = PBXNativeTarget;
			buildConfigurationList = F47B07041E9A5DF9006711D9 /* Build configuration list for PBXNativeTarget "GoIntoTests" */;
			buildPhases = (
				F47B06F41E9A5DF9006711D9 /* Sources */,
				F47B06F51E9A5DF9006711D9 /* Frameworks */,
				F47B06F61E9A5DF9006711D9 /* Resources */,
			);
			buildRules = (
			);
			dependencies = (
				F47B06FA1E9A5DF9006711D9 /* PBXTargetDependency */,
			);
			name = GoIntoTests;
			productName = GoIntoTests;
			productReference = F47B06F81E9A5DF9006711D9 /* GoIntoTests.xctest */;
			productType = "com.apple.product-type.bundle.unit-test";
		};
/* End PBXNativeTarget section */

/* Begin PBXProject section */
		F47B06DF1E9A5DF9006711D9 /* Project object */ = {
			isa = PBXProject;
			attributes = {
				LastSwiftUpdateCheck = 0830;
				LastUpgradeCheck = 0930;
				ORGANIZATIONNAME = "Hori,Masaki";
				TargetAttributes = {
					F47B06E61E9A5DF9006711D9 = {
						CreatedOnToolsVersion = 8.3;
						ProvisioningStyle = Automatic;
					};
					F47B06F71E9A5DF9006711D9 = {
						CreatedOnToolsVersion = 8.3;
						ProvisioningStyle = Automatic;
						TestTargetID = F47B06E61E9A5DF9006711D9;
					};
				};
			};
			buildConfigurationList = F47B06E21E9A5DF9006711D9 /* Build configuration list for PBXProject "GoInto" */;
			compatibilityVersion = "Xcode 3.2";
			developmentRegion = English;
			hasScannedForEncodings = 0;
			knownRegions = (
				en,
				Base,
				ja,
			);
			mainGroup = F47B06DE1E9A5DF9006711D9;
			productRefGroup = F47B06E81E9A5DF9006711D9 /* Products */;
			projectDirPath = "";
			projectRoot = "";
			targets = (
				F47B06E61E9A5DF9006711D9 /* GoInto */,
				F47B06F71E9A5DF9006711D9 /* GoIntoTests */,
			);
		};
/* End PBXProject section */

/* Begin PBXResourcesBuildPhase section */
		F47B06E51E9A5DF9006711D9 /* Resources */ = {
			isa = PBXResourcesBuildPhase;
			buildActionMask = 2147483647;
			files = (
				F47B06EF1E9A5DF9006711D9 /* Assets.xcassets in Resources */,
				F40EB6BF1EA1A55700FEE444 /* Localizable.strings in Resources */,
				F40EB6CA1EA1D7B500FEE444 /* ImageType.plist in Resources */,
				F40EB6B91EA1A04C00FEE444 /* InfoPlist.strings in Resources */,
				F47B07081E9A6071006711D9 /* MainMenu.xib in Resources */,
			);
			runOnlyForDeploymentPostprocessing = 0;
		};
		F47B06F61E9A5DF9006711D9 /* Resources */ = {
			isa = PBXResourcesBuildPhase;
			buildActionMask = 2147483647;
			files = (
			);
			runOnlyForDeploymentPostprocessing = 0;
		};
/* End PBXResourcesBuildPhase section */

/* Begin PBXSourcesBuildPhase section */
		F47B06E31E9A5DF9006711D9 /* Sources */ = {
			isa = PBXSourcesBuildPhase;
			buildActionMask = 2147483647;
			files = (
				F47B070C1E9A65FA006711D9 /* StatusItem.swift in Sources */,
				F47B06EB1E9A5DF9006711D9 /* AppDelegate.swift in Sources */,
				F47B07101EA10A1A006711D9 /* FolderItem.swift in Sources */,
				F40EB6D21EA2F28100FEE444 /* Screenshot.swift in Sources */,
				F47B07181EA10A88006711D9 /* QuitItem.swift in Sources */,
				F40EB6C81EA1CD7A00FEE444 /* ImageTypeItem.swift in Sources */,
				F47B070E1E9A6E55006711D9 /* StatusBar.swift in Sources */,
				F4D346941EA644170031AFB3 /* LimitedArray.swift in Sources */,
				F414DD031EABAB7300111DA7 /* UserDefaultsExtension.swift in Sources */,
				F47B07121EA10A3E006711D9 /* ChooseFolderItem.swift in Sources */,
			);
			runOnlyForDeploymentPostprocessing = 0;
		};
		F47B06F41E9A5DF9006711D9 /* Sources */ = {
			isa = PBXSourcesBuildPhase;
			buildActionMask = 2147483647;
			files = (
				F42539E01EACCEDE0083EB9D /* UserDefaultsTest.swift in Sources */,
				F4DBE9281EA7864B00CEB984 /* LimitedArrayTest.swift in Sources */,
			);
			runOnlyForDeploymentPostprocessing = 0;
		};
/* End PBXSourcesBuildPhase section */

/* Begin PBXTargetDependency section */
		F47B06FA1E9A5DF9006711D9 /* PBXTargetDependency */ = {
			isa = PBXTargetDependency;
			target = F47B06E61E9A5DF9006711D9 /* GoInto */;
			targetProxy = F47B06F91E9A5DF9006711D9 /* PBXContainerItemProxy */;
		};
/* End PBXTargetDependency section */

/* Begin PBXVariantGroup section */
		F40EB6BB1EA1A04C00FEE444 /* InfoPlist.strings */ = {
			isa = PBXVariantGroup;
			children = (
				F40EB6BC1EA1A05600FEE444 /* ja */,
				F40EB6C61EA1A94200FEE444 /* Base */,
			);
			name = InfoPlist.strings;
			sourceTree = "<group>";
		};
		F40EB6BD1EA1A55700FEE444 /* Localizable.strings */ = {
			isa = PBXVariantGroup;
			children = (
				F40EB6BE1EA1A55700FEE444 /* ja */,
			);
			name = Localizable.strings;
			sourceTree = "<group>";
		};
		F40EB6C41EA1A59700FEE444 /* Localizable.strings.sed */ = {
			isa = PBXVariantGroup;
			children = (
				F40EB6C31EA1A59700FEE444 /* ja */,
			);
			name = Localizable.strings.sed;
			sourceTree = "<group>";
		};
/* End PBXVariantGroup section */

/* Begin XCBuildConfiguration section */
		F47B06FF1E9A5DF9006711D9 /* Debug */ = {
			isa = XCBuildConfiguration;
			buildSettings = {
				ALWAYS_SEARCH_USER_PATHS = NO;
				CLANG_ANALYZER_LOCALIZABILITY_NONLOCALIZED = YES;
				CLANG_ANALYZER_NONNULL = YES;
				CLANG_ANALYZER_NUMBER_OBJECT_CONVERSION = YES_AGGRESSIVE;
				CLANG_CXX_LANGUAGE_STANDARD = "gnu++0x";
				CLANG_CXX_LIBRARY = "libc++";
				CLANG_ENABLE_MODULES = YES;
				CLANG_ENABLE_OBJC_ARC = YES;
				CLANG_WARN_BLOCK_CAPTURE_AUTORELEASING = YES;
				CLANG_WARN_BOOL_CONVERSION = YES;
				CLANG_WARN_COMMA = YES;
				CLANG_WARN_CONSTANT_CONVERSION = YES;
				CLANG_WARN_DEPRECATED_OBJC_IMPLEMENTATIONS = YES;
				CLANG_WARN_DIRECT_OBJC_ISA_USAGE = YES_ERROR;
				CLANG_WARN_DOCUMENTATION_COMMENTS = YES;
				CLANG_WARN_EMPTY_BODY = YES;
				CLANG_WARN_ENUM_CONVERSION = YES;
				CLANG_WARN_INFINITE_RECURSION = YES;
				CLANG_WARN_INT_CONVERSION = YES;
				CLANG_WARN_NON_LITERAL_NULL_CONVERSION = YES;
				CLANG_WARN_OBJC_IMPLICIT_RETAIN_SELF = YES;
				CLANG_WARN_OBJC_LITERAL_CONVERSION = YES;
				CLANG_WARN_OBJC_ROOT_CLASS = YES_ERROR;
				CLANG_WARN_RANGE_LOOP_ANALYSIS = YES;
				CLANG_WARN_STRICT_PROTOTYPES = YES;
				CLANG_WARN_SUSPICIOUS_MOVE = YES;
				CLANG_WARN_UNREACHABLE_CODE = YES;
				CLANG_WARN__DUPLICATE_METHOD_MATCH = YES;
				CODE_SIGN_IDENTITY = "-";
				COPY_PHASE_STRIP = NO;
				DEBUG_INFORMATION_FORMAT = dwarf;
				ENABLE_STRICT_OBJC_MSGSEND = YES;
				ENABLE_TESTABILITY = YES;
				GCC_C_LANGUAGE_STANDARD = gnu99;
				GCC_DYNAMIC_NO_PIC = NO;
				GCC_NO_COMMON_BLOCKS = YES;
				GCC_OPTIMIZATION_LEVEL = 0;
				GCC_PREPROCESSOR_DEFINITIONS = (
					"DEBUG=1",
					"$(inherited)",
				);
				GCC_WARN_64_TO_32_BIT_CONVERSION = YES;
				GCC_WARN_ABOUT_RETURN_TYPE = YES_ERROR;
				GCC_WARN_UNDECLARED_SELECTOR = YES;
				GCC_WARN_UNINITIALIZED_AUTOS = YES_AGGRESSIVE;
				GCC_WARN_UNUSED_FUNCTION = YES;
				GCC_WARN_UNUSED_VARIABLE = YES;
				MACOSX_DEPLOYMENT_TARGET = 10.12;
				MTL_ENABLE_DEBUG_INFO = YES;
				ONLY_ACTIVE_ARCH = YES;
				SDKROOT = macosx;
				SWIFT_ACTIVE_COMPILATION_CONDITIONS = DEBUG;
				SWIFT_OPTIMIZATION_LEVEL = "-Onone";
			};
			name = Debug;
		};
		F47B07001E9A5DF9006711D9 /* Release */ = {
			isa = XCBuildConfiguration;
			buildSettings = {
				ALWAYS_SEARCH_USER_PATHS = NO;
				CLANG_ANALYZER_LOCALIZABILITY_NONLOCALIZED = YES;
				CLANG_ANALYZER_NONNULL = YES;
				CLANG_ANALYZER_NUMBER_OBJECT_CONVERSION = YES_AGGRESSIVE;
				CLANG_CXX_LANGUAGE_STANDARD = "gnu++0x";
				CLANG_CXX_LIBRARY = "libc++";
				CLANG_ENABLE_MODULES = YES;
				CLANG_ENABLE_OBJC_ARC = YES;
				CLANG_WARN_BLOCK_CAPTURE_AUTORELEASING = YES;
				CLANG_WARN_BOOL_CONVERSION = YES;
				CLANG_WARN_COMMA = YES;
				CLANG_WARN_CONSTANT_CONVERSION = YES;
				CLANG_WARN_DEPRECATED_OBJC_IMPLEMENTATIONS = YES;
				CLANG_WARN_DIRECT_OBJC_ISA_USAGE = YES_ERROR;
				CLANG_WARN_DOCUMENTATION_COMMENTS = YES;
				CLANG_WARN_EMPTY_BODY = YES;
				CLANG_WARN_ENUM_CONVERSION = YES;
				CLANG_WARN_INFINITE_RECURSION = YES;
				CLANG_WARN_INT_CONVERSION = YES;
				CLANG_WARN_NON_LITERAL_NULL_CONVERSION = YES;
				CLANG_WARN_OBJC_IMPLICIT_RETAIN_SELF = YES;
				CLANG_WARN_OBJC_LITERAL_CONVERSION = YES;
				CLANG_WARN_OBJC_ROOT_CLASS = YES_ERROR;
				CLANG_WARN_RANGE_LOOP_ANALYSIS = YES;
				CLANG_WARN_STRICT_PROTOTYPES = YES;
				CLANG_WARN_SUSPICIOUS_MOVE = YES;
				CLANG_WARN_UNREACHABLE_CODE = YES;
				CLANG_WARN__DUPLICATE_METHOD_MATCH = YES;
				CODE_SIGN_IDENTITY = "-";
				COPY_PHASE_STRIP = NO;
				DEBUG_INFORMATION_FORMAT = "dwarf-with-dsym";
				ENABLE_NS_ASSERTIONS = NO;
				ENABLE_STRICT_OBJC_MSGSEND = YES;
				GCC_C_LANGUAGE_STANDARD = gnu99;
				GCC_NO_COMMON_BLOCKS = YES;
				GCC_WARN_64_TO_32_BIT_CONVERSION = YES;
				GCC_WARN_ABOUT_RETURN_TYPE = YES_ERROR;
				GCC_WARN_UNDECLARED_SELECTOR = YES;
				GCC_WARN_UNINITIALIZED_AUTOS = YES_AGGRESSIVE;
				GCC_WARN_UNUSED_FUNCTION = YES;
				GCC_WARN_UNUSED_VARIABLE = YES;
				MACOSX_DEPLOYMENT_TARGET = 10.12;
				MTL_ENABLE_DEBUG_INFO = NO;
				SDKROOT = macosx;
				SWIFT_OPTIMIZATION_LEVEL = "-Owholemodule";
			};
			name = Release;
		};
		F47B07021E9A5DF9006711D9 /* Debug */ = {
			isa = XCBuildConfiguration;
			buildSettings = {
				ASSETCATALOG_COMPILER_APPICON_NAME = AppIcon;
				COMBINE_HIDPI_IMAGES = YES;
				INFOPLIST_FILE = GoInto/Info.plist;
				LD_RUNPATH_SEARCH_PATHS = "$(inherited) @executable_path/../Frameworks";
				PRODUCT_BUNDLE_IDENTIFIER = com.masakih.GoInto;
				PRODUCT_NAME = "$(TARGET_NAME)";
				SWIFT_VERSION = 4.0;
			};
			name = Debug;
		};
		F47B07031E9A5DF9006711D9 /* Release */ = {
			isa = XCBuildConfiguration;
			buildSettings = {
				ASSETCATALOG_COMPILER_APPICON_NAME = AppIcon;
				COMBINE_HIDPI_IMAGES = YES;
				INFOPLIST_FILE = GoInto/Info.plist;
				LD_RUNPATH_SEARCH_PATHS = "$(inherited) @executable_path/../Frameworks";
				PRODUCT_BUNDLE_IDENTIFIER = com.masakih.GoInto;
				PRODUCT_NAME = "$(TARGET_NAME)";
				SWIFT_VERSION = 4.0;
			};
			name = Release;
		};
		F47B07051E9A5DF9006711D9 /* Debug */ = {
			isa = XCBuildConfiguration;
			buildSettings = {
				ALWAYS_EMBED_SWIFT_STANDARD_LIBRARIES = YES;
				BUNDLE_LOADER = "$(TEST_HOST)";
				COMBINE_HIDPI_IMAGES = YES;
				INFOPLIST_FILE = GoIntoTests/Info.plist;
				LD_RUNPATH_SEARCH_PATHS = "$(inherited) @executable_path/../Frameworks @loader_path/../Frameworks";
				PRODUCT_BUNDLE_IDENTIFIER = com.masakih.GoIntoTests;
				PRODUCT_NAME = "$(TARGET_NAME)";
				SWIFT_VERSION = 4.0;
				TEST_HOST = "$(BUILT_PRODUCTS_DIR)/GoInto.app/Contents/MacOS/GoInto";
			};
			name = Debug;
		};
		F47B07061E9A5DF9006711D9 /* Release */ = {
			isa = XCBuildConfiguration;
			buildSettings = {
				ALWAYS_EMBED_SWIFT_STANDARD_LIBRARIES = YES;
				BUNDLE_LOADER = "$(TEST_HOST)";
				COMBINE_HIDPI_IMAGES = YES;
				INFOPLIST_FILE = GoIntoTests/Info.plist;
				LD_RUNPATH_SEARCH_PATHS = "$(inherited) @executable_path/../Frameworks @loader_path/../Frameworks";
				PRODUCT_BUNDLE_IDENTIFIER = com.masakih.GoIntoTests;
				PRODUCT_NAME = "$(TARGET_NAME)";
				SWIFT_VERSION = 4.0;
				TEST_HOST = "$(BUILT_PRODUCTS_DIR)/GoInto.app/Contents/MacOS/GoInto";
			};
			name = Release;
		};
/* End XCBuildConfiguration section */

/* Begin XCConfigurationList section */
		F47B06E21E9A5DF9006711D9 /* Build configuration list for PBXProject "GoInto" */ = {
			isa = XCConfigurationList;
			buildConfigurations = (
				F47B06FF1E9A5DF9006711D9 /* Debug */,
				F47B07001E9A5DF9006711D9 /* Release */,
			);
			defaultConfigurationIsVisible = 0;
			defaultConfigurationName = Release;
		};
		F47B07011E9A5DF9006711D9 /* Build configuration list for PBXNativeTarget "GoInto" */ = {
			isa = XCConfigurationList;
			buildConfigurations = (
				F47B07021E9A5DF9006711D9 /* Debug */,
				F47B07031E9A5DF9006711D9 /* Release */,
			);
			defaultConfigurationIsVisible = 0;
			defaultConfigurationName = Release;
		};
		F47B07041E9A5DF9006711D9 /* Build configuration list for PBXNativeTarget "GoIntoTests" */ = {
			isa = XCConfigurationList;
			buildConfigurations = (
				F47B07051E9A5DF9006711D9 /* Debug */,
				F47B07061E9A5DF9006711D9 /* Release */,
			);
			defaultConfigurationIsVisible = 0;
			defaultConfigurationName = Release;
		};
/* End XCConfigurationList section */
	};
	rootObject = F47B06DF1E9A5DF9006711D9 /* Project object */;
}
